
Microsoft Visual Studio Solution File, Format Version 12.00
# Visual Studio 2012
Project("{FAE04EC0-301F-11D3-BF4B-00C04F79EFBC}") = "Assembly-CSharp", "Assembly-CSharp.csproj", "{8EA22752-66AB-33F0-50C6-42C43B7A4479}"
EndProject
Global
	GlobalSection(SolutionConfigurationPlatforms) = preSolution
		Debug|Any CPU = Debug|Any CPU
		Release|Any CPU = Release|Any CPU
	EndGlobalSection
	GlobalSection(ProjectConfigurationPlatforms) = postSolution
		{8EA22752-66AB-33F0-50C6-42C43B7A4479}.Debug|Any CPU.ActiveCfg = Debug|Any CPU
		{8EA22752-66AB-33F0-50C6-42C43B7A4479}.Debug|Any CPU.Build.0 = Debug|Any CPU
		{8EA22752-66AB-33F0-50C6-42C43B7A4479}.Release|Any CPU.ActiveCfg = Release|Any CPU
		{8EA22752-66AB-33F0-50C6-42C43B7A4479}.Release|Any CPU.Build.0 = Release|Any CPU
	EndGlobalSection
EndGlobal
